
Microsoft Visual Studio Solution File, Format Version 12.00
# Visual Studio Version 16
VisualStudioVersion = 16.0.35229.62
MinimumVisualStudioVersion = 10.0.40219.1
Project("{FAE04EC0-301F-11D3-BF4B-00C04F79EFBC}") = "PostcodeNlApi", "PostcodeNlApi\PostcodeNlApi.csproj", "{C69FDF78-468E-411F-B47B-0541639A13CB}"
EndProject
Project("{FAE04EC0-301F-11D3-BF4B-00C04F79EFBC}") = "PostcodeNlApi.Tests", "PostcodeNlApi.Tests\PostcodeNlApi.Tests.csproj", "{6B824D03-ADE4-48D2-9FBD-7AEF08C9A6FD}"
EndProject
Project("{E24C65DC-7377-472B-9ABA-BC803B73C61A}") = "PostcodeNlApiRestClient.Example", "PostcodeNlApi.Example\", "{D24C31DF-C595-4416-80BA-807355EB43FC}"
	ProjectSection(WebsiteProperties) = preProject
		TargetFrameworkMoniker = ".NETFramework,Version%3Dv4.8"
		ProjectReferences = "{c69fdf78-468e-411f-b47b-0541639a13cb}|PostcodeNlApi.dll;"
		Debug.AspNetCompiler.VirtualPath = "/localhost_20950"
		Debug.AspNetCompiler.PhysicalPath = "src\PostcodeNlApi.Example\"
		Debug.AspNetCompiler.TargetPath = "PrecompiledWeb\localhost_20950\"
		Debug.AspNetCompiler.Updateable = "true"
		Debug.AspNetCompiler.ForceOverwrite = "true"
		Debug.AspNetCompiler.FixedNames = "false"
		Debug.AspNetCompiler.Debug = "True"
		Release.AspNetCompiler.VirtualPath = "/localhost_20950"
		Release.AspNetCompiler.PhysicalPath = "src\PostcodeNlApi.Example\"
		Release.AspNetCompiler.TargetPath = "PrecompiledWeb\localhost_20950\"
		Release.AspNetCompiler.Updateable = "true"
		Release.AspNetCompiler.ForceOverwrite = "true"
		Release.AspNetCompiler.FixedNames = "false"
		Release.AspNetCompiler.Debug = "False"
		VWDPort = "20950"
		SlnRelativePath = "src\PostcodeNlApi.Example\"
		DefaultWebSiteLanguage = "Visual C#"
	EndProjectSection
EndProject
Global
	GlobalSection(SolutionConfigurationPlatforms) = preSolution
		Debug|Any CPU = Debug|Any CPU
		Release|Any CPU = Release|Any CPU
		V35|Any CPU = V35|Any CPU
		V4|Any CPU = V4|Any CPU
		V451|Any CPU = V451|Any CPU
	EndGlobalSection
	GlobalSection(ProjectConfigurationPlatforms) = postSolution
		{C69FDF78-468E-411F-B47B-0541639A13CB}.Debug|Any CPU.ActiveCfg = Debug|Any CPU
		{C69FDF78-468E-411F-B47B-0541639A13CB}.Debug|Any CPU.Build.0 = Debug|Any CPU
		{C69FDF78-468E-411F-B47B-0541639A13CB}.Release|Any CPU.ActiveCfg = Release|Any CPU
		{C69FDF78-468E-411F-B47B-0541639A13CB}.Release|Any CPU.Build.0 = Release|Any CPU
		{C69FDF78-468E-411F-B47B-0541639A13CB}.V35|Any CPU.ActiveCfg = V35|Any CPU
		{C69FDF78-468E-411F-B47B-0541639A13CB}.V35|Any CPU.Build.0 = V35|Any CPU
		{C69FDF78-468E-411F-B47B-0541639A13CB}.V4|Any CPU.ActiveCfg = V4|Any CPU
		{C69FDF78-468E-411F-B47B-0541639A13CB}.V4|Any CPU.Build.0 = V4|Any CPU
		{C69FDF78-468E-411F-B47B-0541639A13CB}.V451|Any CPU.ActiveCfg = V451|Any CPU
		{C69FDF78-468E-411F-B47B-0541639A13CB}.V451|Any CPU.Build.0 = V451|Any CPU
		{6B824D03-ADE4-48D2-9FBD-7AEF08C9A6FD}.Debug|Any CPU.ActiveCfg = Debug|Any CPU
		{6B824D03-ADE4-48D2-9FBD-7AEF08C9A6FD}.Debug|Any CPU.Build.0 = Debug|Any CPU
		{6B824D03-ADE4-48D2-9FBD-7AEF08C9A6FD}.Release|Any CPU.ActiveCfg = Release|Any CPU
		{6B824D03-ADE4-48D2-9FBD-7AEF08C9A6FD}.Release|Any CPU.Build.0 = Release|Any CPU
		{6B824D03-ADE4-48D2-9FBD-7AEF08C9A6FD}.V35|Any CPU.ActiveCfg = V35|Any CPU
		{6B824D03-ADE4-48D2-9FBD-7AEF08C9A6FD}.V35|Any CPU.Build.0 = V35|Any CPU
		{6B824D03-ADE4-48D2-9FBD-7AEF08C9A6FD}.V4|Any CPU.ActiveCfg = V4|Any CPU
		{6B824D03-ADE4-48D2-9FBD-7AEF08C9A6FD}.V4|Any CPU.Build.0 = V4|Any CPU
		{6B824D03-ADE4-48D2-9FBD-7AEF08C9A6FD}.V451|Any CPU.ActiveCfg = V451|Any CPU
		{6B824D03-ADE4-48D2-9FBD-7AEF08C9A6FD}.V451|Any CPU.Build.0 = V451|Any CPU
		{D24C31DF-C595-4416-80BA-807355EB43FC}.Debug|Any CPU.ActiveCfg = Debug|Any CPU
		{D24C31DF-C595-4416-80BA-807355EB43FC}.Debug|Any CPU.Build.0 = Debug|Any CPU
		{D24C31DF-C595-4416-80BA-807355EB43FC}.Release|Any CPU.ActiveCfg = Debug|Any CPU
		{D24C31DF-C595-4416-80BA-807355EB43FC}.Release|Any CPU.Build.0 = Debug|Any CPU
		{D24C31DF-C595-4416-80BA-807355EB43FC}.V35|Any CPU.ActiveCfg = Debug|Any CPU
		{D24C31DF-C595-4416-80BA-807355EB43FC}.V35|Any CPU.Build.0 = Debug|Any CPU
		{D24C31DF-C595-4416-80BA-807355EB43FC}.V4|Any CPU.ActiveCfg = Debug|Any CPU
		{D24C31DF-C595-4416-80BA-807355EB43FC}.V4|Any CPU.Build.0 = Debug|Any CPU
		{D24C31DF-C595-4416-80BA-807355EB43FC}.V451|Any CPU.ActiveCfg = Debug|Any CPU
		{D24C31DF-C595-4416-80BA-807355EB43FC}.V451|Any CPU.Build.0 = Debug|Any CPU
	EndGlobalSection
	GlobalSection(SolutionProperties) = preSolution
		HideSolutionNode = FALSE
	EndGlobalSection
	GlobalSection(ExtensibilityGlobals) = postSolution
		SolutionGuid = {87922A18-1688-43E4-ACFE-FE0C5C5573C4}
	EndGlobalSection
EndGlobal
